// !$*UTF8*$!
{
	archiveVersion = 1;
	classes = {
	};
	objectVersion = 46;
	objects = {

/* Begin PBXBuildFile section */
		774A295D1D3A1DA200C1E1C0 /* main.m in Sources */ = {isa = PBXBuildFile; fileRef = 774A295C1D3A1DA200C1E1C0 /* main.m */; };
/* End PBXBuildFile section */

/* Begin PBXCopyFilesBuildPhase section */
		774A29571D3A1DA200C1E1C0 /* CopyFiles */ = {
			isa = PBXCopyFilesBuildPhase;
			buildActionMask = 2147483647;
			dstPath = /usr/share/man/man1/;
			dstSubfolderSpec = 0;
			files = (
			);
			runOnlyForDeploymentPostprocessing = 1;
		};
/* End PBXCopyFilesBuildPhase section */

/* Begin PBXFileReference section */
		774A29591D3A1DA200C1E1C0 /* RHCProxy */ = {isa = PBXFileReference; explicitFileType = "compiled.mach-o.executable"; includeInIndex = 0; path = RHCProxy; sourceTree = BUILT_PRODUCTS_DIR; };
		774A295C1D3A1DA200C1E1C0 /* main.m */ = {isa = PBXFileReference; lastKnownFileType = sourcecode.c.objc; path = main.m; sourceTree = "<group>"; };
/* End PBXFileReference section */

/* Begin PBXFrameworksBuildPhase section */
		774A29561D3A1DA200C1E1C0 /* Frameworks */ = {
			isa = PBXFrameworksBuildPhase;
			buildActionMask = 2147483647;
			files = (
			);
			runOnlyForDeploymentPostprocessing = 0;
		};
/* End PBXFrameworksBuildPhase section */

/* Begin PBXGroup section */
		774A29501D3A1DA200C1E1C0 = {
			isa = PBXGroup;
			children = (
				774A295B1D3A1DA200C1E1C0 /* RHCProxy */,
				774A295A1D3A1DA200C1E1C0 /* Products */,
			);
			sourceTree = "<group>";
		};
		774A295A1D3A1DA200C1E1C0 /* Products */ = {
			isa = PBXGroup;
			children = (
				774A29591D3A1DA200C1E1C0 /* RHCProxy */,
			);
			name = Products;
			sourceTree = "<group>";
		};
		774A295B1D3A1DA200C1E1C0 /* RHCProxy */ = {
			isa = PBXGroup;
			children = (
				774A295C1D3A1DA200C1E1C0 /* main.m */,
			);
			path = RHCProxy;
			sourceTree = "<group>";
		};
/* End PBXGroup section */

/* Begin PBXNativeTarget section */
		774A29581D3A1DA200C1E1C0 /* RHCProxy */ = {
			isa = PBXNativeTarget;
			buildConfigurationList = 774A29601D3A1DA200C1E1C0 /* Build configuration list for PBXNativeTarget "RHCProxy" */;
			buildPhases = (
				774A29551D3A1DA200C1E1C0 /* Sources */,
				774A29561D3A1DA200C1E1C0 /* Frameworks */,
				774A29571D3A1DA200C1E1C0 /* CopyFiles */,
			);
			buildRules = (
			);
			dependencies = (
			);
			name = RHCProxy;
			productName = RHCProxy;
			productReference = 774A29591D3A1DA200C1E1C0 /* RHCProxy */;
			productType = "com.apple.product-type.tool";
		};
/* End PBXNativeTarget section */

/* Begin PBXProject section */
		774A29511D3A1DA200C1E1C0 /* Project object */ = {
			isa = PBXProject;
			attributes = {
				LastUpgradeCheck = 0730;
				ORGANIZATIONNAME = "hairong chen";
				TargetAttributes = {
					774A29581D3A1DA200C1E1C0 = {
						CreatedOnToolsVersion = 7.3.1;
					};
				};
			};
			buildConfigurationList = 774A29541D3A1DA200C1E1C0 /* Build configuration list for PBXProject "RHCProxy" */;
			compatibilityVersion = "Xcode 3.2";
			developmentRegion = English;
			hasScannedForEncodings = 0;
			knownRegions = (
				en,
			);
			mainGroup = 774A29501D3A1DA200C1E1C0;
			productRefGroup = 774A295A1D3A1DA200C1E1C0 /* Products */;
			projectDirPath = "";
			projectRoot = "";
			targets = (
				774A29581D3A1DA200C1E1C0 /* RHCProxy */,
			);
		};
/* End PBXProject section */

/* Begin PBXSourcesBuildPhase section */
		774A29551D3A1DA200C1E1C0 /* Sources */ = {
			isa = PBXSourcesBuildPhase;
			buildActionMask = 2147483647;
			files = (
				774A295D1D3A1DA200C1E1C0 /* main.m in Sources */,
			);
			runOnlyForDeploymentPostprocessing = 0;
		};
/* End PBXSourcesBuildPhase section */

/* Begin XCBuildConfiguration section */
		774A295E1D3A1DA200C1E1C0 /* Debug */ = {
			isa = XCBuildConfiguration;
			buildSettings = {
				ALWAYS_SEARCH_USER_PATHS = NO;
				CLANG_ANALYZER_NONNULL = YES;
				CLANG_CXX_LANGUAGE_STANDARD = "gnu++0x";
				CLANG_CXX_LIBRARY = "libc++";
				CLANG_ENABLE_MODULES = YES;
				CLANG_ENABLE_OBJC_ARC = YES;
				CLANG_WARN_BOOL_CONVERSION = YES;
				CLANG_WARN_CONSTANT_CONVERSION = YES;
				CLANG_WARN_DIRECT_OBJC_ISA_USAGE = YES_ERROR;
				CLANG_WARN_EMPTY_BODY = YES;
				CLANG_WARN_ENUM_CONVERSION = YES;
				CLANG_WARN_INT_CONVERSION = YES;
				CLANG_WARN_OBJC_ROOT_CLASS = YES_ERROR;
				CLANG_WARN_UNREACHABLE_CODE = YES;
				CLANG_WARN__DUPLICATE_METHOD_MATCH = YES;
				CODE_SIGN_IDENTITY = "-";
				COPY_PHASE_STRIP = NO;
				DEBUG_INFORMATION_FORMAT = dwarf;
				ENABLE_STRICT_OBJC_MSGSEND = YES;
				ENABLE_TESTABILITY = YES;
				GCC_C_LANGUAGE_STANDARD = gnu99;
				GCC_DYNAMIC_NO_PIC = NO;
				GCC_NO_COMMON_BLOCKS = YES;
				GCC_OPTIMIZATION_LEVEL = 0;
				GCC_PREPROCESSOR_DEFINITIONS = (
					"DEBUG=1",
					"$(inherited)",
				);
				GCC_WARN_64_TO_32_BIT_CONVERSION = YES;
				GCC_WARN_ABOUT_RETURN_TYPE = YES_ERROR;
				GCC_WARN_UNDECLARED_SELECTOR = YES;
				GCC_WARN_UNINITIALIZED_AUTOS = YES_AGGRESSIVE;
				GCC_WARN_UNUSED_FUNCTION = YES;
				GCC_WARN_UNUSED_VARIABLE = YES;
				MACOSX_DEPLOYMENT_TARGET = 10.11;
				MTL_ENABLE_DEBUG_INFO = YES;
				ONLY_ACTIVE_ARCH = YES;
				SDKROOT = macosx;
			};
			name = Debug;
		};
		774A295F1D3A1DA200C1E1C0 /* Release */ = {
			isa = XCBuildConfiguration;
			buildSettings = {
				ALWAYS_SEARCH_USER_PATHS = NO;
				CLANG_ANALYZER_NONNULL = YES;
				CLANG_CXX_LANGUAGE_STANDARD = "gnu++0x";
				CLANG_CXX_LIBRARY = "libc++";
				CLANG_ENABLE_MODULES = YES;
				CLANG_ENABLE_OBJC_ARC = YES;
				CLANG_WARN_BOOL_CONVERSION = YES;
				CLANG_WARN_CONSTANT_CONVERSION = YES;
				CLANG_WARN_DIRECT_OBJC_ISA_USAGE = YES_ERROR;
				CLANG_WARN_EMPTY_BODY = YES;
				CLANG_WARN_ENUM_CONVERSION = YES;
				CLANG_WARN_INT_CONVERSION = YES;
				CLANG_WARN_OBJC_ROOT_CLASS = YES_ERROR;
				CLANG_WARN_UNREACHABLE_CODE = YES;
				CLANG_WARN__DUPLICATE_METHOD_MATCH = YES;
				CODE_SIGN_IDENTITY = "-";
				COPY_PHASE_STRIP = NO;
				DEBUG_INFORMATION_FORMAT = "dwarf-with-dsym";
				ENABLE_NS_ASSERTIONS = NO;
				ENABLE_STRICT_OBJC_MSGSEND = YES;
				GCC_C_LANGUAGE_STANDARD = gnu99;
				GCC_NO_COMMON_BLOCKS = YES;
				GCC_WARN_64_TO_32_BIT_CONVERSION = YES;
				GCC_WARN_ABOUT_RETURN_TYPE = YES_ERROR;
				GCC_WARN_UNDECLARED_SELECTOR = YES;
				GCC_WARN_UNINITIALIZED_AUTOS = YES_AGGRESSIVE;
				GCC_WARN_UNUSED_FUNCTION = YES;
				GCC_WARN_UNUSED_VARIABLE = YES;
				MACOSX_DEPLOYMENT_TARGET = 10.11;
				MTL_ENABLE_DEBUG_INFO = NO;
				SDKROOT = macosx;
			};
			name = Release;
		};
		774A29611D3A1DA200C1E1C0 /* Debug */ = {
			isa = XCBuildConfiguration;
			buildSettings = {
				PRODUCT_NAME = "$(TARGET_NAME)";
			};
			name = Debug;
		};
		774A29621D3A1DA200C1E1C0 /* Release */ = {
			isa = XCBuildConfiguration;
			buildSettings = {
				PRODUCT_NAME = "$(TARGET_NAME)";
			};
			name = Release;
		};
/* End XCBuildConfiguration section */

/* Begin XCConfigurationList section */
		774A29541D3A1DA200C1E1C0 /* Build configuration list for PBXProject "RHCProxy" */ = {
			isa = XCConfigurationList;
			buildConfigurations = (
				774A295E1D3A1DA200C1E1C0 /* Debug */,
				774A295F1D3A1DA200C1E1C0 /* Release */,
			);
			defaultConfigurationIsVisible = 0;
			defaultConfigurationName = Release;
		};
		774A29601D3A1DA200C1E1C0 /* Build configuration list for PBXNativeTarget "RHCProxy" */ = {
			isa = XCConfigurationList;
			buildConfigurations = (
				774A29611D3A1DA200C1E1C0 /* Debug */,
				774A29621D3A1DA200C1E1C0 /* Release */,
			);
			defaultConfigurationIsVisible = 0;
		};
/* End XCConfigurationList section */
	};
	rootObject = 774A29511D3A1DA200C1E1C0 /* Project object */;
}
